
Microsoft Visual Studio Solution File, Format Version 12.00
# Visual Studio Version 16
VisualStudioVersion = 25.0.1703.8
MinimumVisualStudioVersion = 10.0.40219.1
Project("{FAE04EC0-301F-11D3-BF4B-00C04F79EFBC}") = "564assignment1", "564assignment1\564assignment1.csproj", "{43FE7D7F-B90F-4817-AC64-2DA5140F5040}"
EndProject
Global
	GlobalSection(SolutionConfigurationPlatforms) = preSolution
		Debug|Any CPU = Debug|Any CPU
		Release|Any CPU = Release|Any CPU
	EndGlobalSection
	GlobalSection(ProjectConfigurationPlatforms) = postSolution
		{43FE7D7F-B90F-4817-AC64-2DA5140F5040}.Debug|Any CPU.ActiveCfg = Debug|Any CPU
		{43FE7D7F-B90F-4817-AC64-2DA5140F5040}.Debug|Any CPU.Build.0 = Debug|Any CPU
		{43FE7D7F-B90F-4817-AC64-2DA5140F5040}.Release|Any CPU.ActiveCfg = Release|Any CPU
		{43FE7D7F-B90F-4817-AC64-2DA5140F5040}.Release|Any CPU.Build.0 = Release|Any CPU
	EndGlobalSection
	GlobalSection(SolutionProperties) = preSolution
		HideSolutionNode = FALSE
	EndGlobalSection
	GlobalSection(ExtensibilityGlobals) = postSolution
		SolutionGuid = {BED16BFA-8E5B-4434-BC6B-E8869FB6CC70}
	EndGlobalSection
EndGlobal
